
Microsoft Visual Studio Solution File, Format Version 12.00
# Visual Studio Version 17
VisualStudioVersion = 17.8.34525.116
MinimumVisualStudioVersion = 10.0.40219.1
Project("{9A19103F-16F7-4668-BE54-9A1E7A4F7556}") = "SmartBiz.Web", "SMARTBIZ\SmartBiz.Web.csproj", "{DDE4666F-83B7-4041-8A3C-D91FC4B5931D}"
EndProject
Project("{FAE04EC0-301F-11D3-BF4B-00C04F79EFBC}") = "SmartBiz.Application", "SmartBiz.Application\SmartBiz.Application.csproj", "{728A51EA-39E4-4157-85AB-5F20C1234D9E}"
EndProject
Project("{FAE04EC0-301F-11D3-BF4B-00C04F79EFBC}") = "SmartBiz.Domain", "SmartBiz.Domain\SmartBiz.Domain.csproj", "{C82CFCEA-7091-457B-BC69-A2A85117A620}"
EndProject
Project("{FAE04EC0-301F-11D3-BF4B-00C04F79EFBC}") = "SmartBiz.Infrastructure", "SmartBiz.Infrastructure\SmartBiz.Infrastructure.csproj", "{6DF67BCD-C34C-4234-87EB-A4D1E590A073}"
EndProject
Project("{FAE04EC0-301F-11D3-BF4B-00C04F79EFBC}") = "SmartBizTest", "SmartBizTest\SmartBizTest.csproj", "{CF6B9D2C-8C07-4C45-89F6-57568AB3262A}"
EndProject
Global
	GlobalSection(SolutionConfigurationPlatforms) = preSolution
		Debug|Any CPU = Debug|Any CPU
		Release|Any CPU = Release|Any CPU
	EndGlobalSection
	GlobalSection(ProjectConfigurationPlatforms) = postSolution
		{DDE4666F-83B7-4041-8A3C-D91FC4B5931D}.Debug|Any CPU.ActiveCfg = Debug|Any CPU
		{DDE4666F-83B7-4041-8A3C-D91FC4B5931D}.Debug|Any CPU.Build.0 = Debug|Any CPU
		{DDE4666F-83B7-4041-8A3C-D91FC4B5931D}.Release|Any CPU.ActiveCfg = Release|Any CPU
		{DDE4666F-83B7-4041-8A3C-D91FC4B5931D}.Release|Any CPU.Build.0 = Release|Any CPU
		{728A51EA-39E4-4157-85AB-5F20C1234D9E}.Debug|Any CPU.ActiveCfg = Debug|Any CPU
		{728A51EA-39E4-4157-85AB-5F20C1234D9E}.Debug|Any CPU.Build.0 = Debug|Any CPU
		{728A51EA-39E4-4157-85AB-5F20C1234D9E}.Release|Any CPU.ActiveCfg = Release|Any CPU
		{728A51EA-39E4-4157-85AB-5F20C1234D9E}.Release|Any CPU.Build.0 = Release|Any CPU
		{C82CFCEA-7091-457B-BC69-A2A85117A620}.Debug|Any CPU.ActiveCfg = Debug|Any CPU
		{C82CFCEA-7091-457B-BC69-A2A85117A620}.Debug|Any CPU.Build.0 = Debug|Any CPU
		{C82CFCEA-7091-457B-BC69-A2A85117A620}.Release|Any CPU.ActiveCfg = Release|Any CPU
		{C82CFCEA-7091-457B-BC69-A2A85117A620}.Release|Any CPU.Build.0 = Release|Any CPU
		{6DF67BCD-C34C-4234-87EB-A4D1E590A073}.Debug|Any CPU.ActiveCfg = Debug|Any CPU
		{6DF67BCD-C34C-4234-87EB-A4D1E590A073}.Debug|Any CPU.Build.0 = Debug|Any CPU
		{6DF67BCD-C34C-4234-87EB-A4D1E590A073}.Release|Any CPU.ActiveCfg = Release|Any CPU
		{6DF67BCD-C34C-4234-87EB-A4D1E590A073}.Release|Any CPU.Build.0 = Release|Any CPU
		{CF6B9D2C-8C07-4C45-89F6-57568AB3262A}.Debug|Any CPU.ActiveCfg = Debug|Any CPU
		{CF6B9D2C-8C07-4C45-89F6-57568AB3262A}.Debug|Any CPU.Build.0 = Debug|Any CPU
		{CF6B9D2C-8C07-4C45-89F6-57568AB3262A}.Release|Any CPU.ActiveCfg = Release|Any CPU
		{CF6B9D2C-8C07-4C45-89F6-57568AB3262A}.Release|Any CPU.Build.0 = Release|Any CPU
	EndGlobalSection
	GlobalSection(SolutionProperties) = preSolution
		HideSolutionNode = FALSE
	EndGlobalSection
	GlobalSection(ExtensibilityGlobals) = postSolution
		SolutionGuid = {C637E1AB-1BF6-43F8-96C4-8E428331DC54}
	EndGlobalSection
EndGlobal
